
Microsoft Visual Studio Solution File, Format Version 12.00
# Visual Studio Version 17
VisualStudioVersion = 17.12.35527.113
MinimumVisualStudioVersion = 10.0.40219.1
Project("{2150E333-8FDC-42A3-9474-1A3956D46DE8}") = "src", "src", "{C92FC916-6973-469A-BB5E-F7CC3195CC18}"
EndProject
Project("{2150E333-8FDC-42A3-9474-1A3956D46DE8}") = "tests", "tests", "{70B75F95-C9C7-48FA-9EE9-9FE902195DA6}"
EndProject
Project("{2150E333-8FDC-42A3-9474-1A3956D46DE8}") = "docs", "docs", "{34CA3ACA-B396-4721-8A3D-48917B83B6EE}"
EndProject
Project("{FAE04EC0-301F-11D3-BF4B-00C04F79EFBC}") = "Somasundar.Dev.Logging", "src\Somasundar.Dev.Logging\Somasundar.Dev.Logging.csproj", "{9E91BE07-8253-4005-9F8A-FBBDC45A752A}"
EndProject
Project("{FAE04EC0-301F-11D3-BF4B-00C04F79EFBC}") = "Somasundar.Dev.Logging.Tests", "tests\Somasundar.Dev.Logging.Tests\Somasundar.Dev.Logging.Tests.csproj", "{BE4DCEE3-9957-4E32-B12F-0BB6B596EDB9}"
EndProject
Global
	GlobalSection(SolutionConfigurationPlatforms) = preSolution
		Debug|Any CPU = Debug|Any CPU
		Release|Any CPU = Release|Any CPU
	EndGlobalSection
	GlobalSection(ProjectConfigurationPlatforms) = postSolution
		{9E91BE07-8253-4005-9F8A-FBBDC45A752A}.Debug|Any CPU.ActiveCfg = Debug|Any CPU
		{9E91BE07-8253-4005-9F8A-FBBDC45A752A}.Debug|Any CPU.Build.0 = Debug|Any CPU
		{9E91BE07-8253-4005-9F8A-FBBDC45A752A}.Release|Any CPU.ActiveCfg = Release|Any CPU
		{9E91BE07-8253-4005-9F8A-FBBDC45A752A}.Release|Any CPU.Build.0 = Release|Any CPU
		{BE4DCEE3-9957-4E32-B12F-0BB6B596EDB9}.Debug|Any CPU.ActiveCfg = Debug|Any CPU
		{BE4DCEE3-9957-4E32-B12F-0BB6B596EDB9}.Debug|Any CPU.Build.0 = Debug|Any CPU
		{BE4DCEE3-9957-4E32-B12F-0BB6B596EDB9}.Release|Any CPU.ActiveCfg = Release|Any CPU
		{BE4DCEE3-9957-4E32-B12F-0BB6B596EDB9}.Release|Any CPU.Build.0 = Release|Any CPU
	EndGlobalSection
	GlobalSection(SolutionProperties) = preSolution
		HideSolutionNode = FALSE
	EndGlobalSection
	GlobalSection(NestedProjects) = preSolution
		{9E91BE07-8253-4005-9F8A-FBBDC45A752A} = {C92FC916-6973-469A-BB5E-F7CC3195CC18}
		{BE4DCEE3-9957-4E32-B12F-0BB6B596EDB9} = {70B75F95-C9C7-48FA-9EE9-9FE902195DA6}
	EndGlobalSection
EndGlobal
